# This file was autogenerated by Stack.
# You should not edit this file by hand.
# For more information, please see the documentation at:
#   https://docs.haskellstack.org/en/stable/lock_files

packages:
- completed:
    commit: 80e0de0f96eb78288c88fda0eaba0f7cf5d38a30
    git: https://github.com/llvm-hs/llvm-hs
    name: llvm-hs
    pantry-tree:
      sha256: 3b5fa30d13f930135b45d0eb18ba7b7598dda33800515f251ed00b13498121e9
      size: 12716
    subdir: llvm-hs
    version: 15.0.0
  original:
    commit: 80e0de0f96eb78288c88fda0eaba0f7cf5d38a30
    git: https://github.com/llvm-hs/llvm-hs
    subdir: llvm-hs
- completed:
    commit: 80e0de0f96eb78288c88fda0eaba0f7cf5d38a30
    git: https://github.com/llvm-hs/llvm-hs
    name: llvm-hs-pure
    pantry-tree:
      sha256: b512f9e5f8f2b3e3a06bad2fa5ff053a83d817798c7efcd47e254e68c842169d
      size: 2712
    subdir: llvm-hs-pure
    version: 15.0.0
  original:
    commit: 80e0de0f96eb78288c88fda0eaba0f7cf5d38a30
    git: https://github.com/llvm-hs/llvm-hs
    subdir: llvm-hs-pure
snapshots:
- completed:
    sha256: 401a0e813162ba62f04517f60c7d25e93a0f867f94a902421ebf07d1fb5a8c46
    size: 650044
    url: https://raw.githubusercontent.com/commercialhaskell/stackage-snapshots/master/lts/20/21.yaml
  original: lts-20.21
