# This file was autogenerated by Stack.
# You should not edit this file by hand.
# For more information, please see the documentation at:
#   https://docs.haskellstack.org/en/stable/lock_files

packages:
- completed:
    hackage: llvm-hs-5.1.3@sha256:dbaef66dd49ad16d2d9d896a5634ef4952b5473a9e0ae06114d8379427349d50,8895
    pantry-tree:
      size: 12671
      sha256: 77db14a971e20fc3f405971a4c7aad3899df57ad55b6e68b8042526b637e215a
  original:
    hackage: llvm-hs-5.1.3
- completed:
    hackage: llvm-hs-pure-5.1.2@sha256:ef8f969299104073a638b15a78366537dc52570573d2aa9debba9e9a07dc141b,3542
    pantry-tree:
      size: 2587
      sha256: 9574f80b2612b8fc6353c4b1d2bfadc91fc2664d122c04d9531854d8e5998602
  original:
    hackage: llvm-hs-pure-5.1.2
- completed:
    hackage: atto-lisp-0.2.2.3@sha256:dc34f8d0beb7fd5bce2d268da0b28296867fa1a0eba83cef0775f34de936bb18,1367
    pantry-tree:
      size: 325
      sha256: ff4cafcafffd38ebcd54bba9201dd8fe521ef9e0e965216d56e9b9e905f66a5e
  original:
    hackage: atto-lisp-0.2.2.3
snapshots:
- completed:
    size: 537868
    url: https://raw.githubusercontent.com/commercialhaskell/stackage-snapshots/master/lts/9/21.yaml
    sha256: 0a3be91c2bce851de4755003cfb1d85d62b6f90276231fcc305729c0c5c864a9
  original: lts-9.21
